// !$*UTF8*$!
{
	archiveVersion = 1;
	classes = {
	};
	objectVersion = 48;
	objects = {

/* Begin PBXBuildFile section */
		03F34BADC7DC54756F77FA30 /* Pods_Tipsy_Driver.framework in Frameworks */ = {isa = PBXBuildFile; fileRef = 6A7F5678746B7A6C3B883E2A /* Pods_Tipsy_Driver.framework */; };
		D8371D5C1FC615AC00ADA7E1 /* CalendarColors.swift in Sources */ = {isa = PBXBuildFile; fileRef = D8371D5B1FC615AC00ADA7E1 /* CalendarColors.swift */; };
		D881C7191FC52BB600018BD1 /* AppDelegate.swift in Sources */ = {isa = PBXBuildFile; fileRef = D881C7181FC52BB600018BD1 /* AppDelegate.swift */; };
		D881C71B1FC52BB600018BD1 /* ViewController.swift in Sources */ = {isa = PBXBuildFile; fileRef = D881C71A1FC52BB600018BD1 /* ViewController.swift */; };
		D881C71E1FC52BB600018BD1 /* Main.storyboard in Resources */ = {isa = PBXBuildFile; fileRef = D881C71C1FC52BB600018BD1 /* Main.storyboard */; };
		D881C7211FC52BB600018BD1 /* Tipsy_Driver.xcdatamodeld in Sources */ = {isa = PBXBuildFile; fileRef = D881C71F1FC52BB600018BD1 /* Tipsy_Driver.xcdatamodeld */; };
		D881C7231FC52BB600018BD1 /* Assets.xcassets in Resources */ = {isa = PBXBuildFile; fileRef = D881C7221FC52BB600018BD1 /* Assets.xcassets */; };
		D881C7261FC52BB600018BD1 /* LaunchScreen.storyboard in Resources */ = {isa = PBXBuildFile; fileRef = D881C7241FC52BB600018BD1 /* LaunchScreen.storyboard */; };
		D881C7321FC5372000018BD1 /* CalendarCell.swift in Sources */ = {isa = PBXBuildFile; fileRef = D881C7311FC5372000018BD1 /* CalendarCell.swift */; };
/* End PBXBuildFile section */

/* Begin PBXFileReference section */
		19E377A8FC73E64439DD3799 /* Pods-Tipsy Driver.debug.xcconfig */ = {isa = PBXFileReference; includeInIndex = 1; lastKnownFileType = text.xcconfig; name = "Pods-Tipsy Driver.debug.xcconfig"; path = "Pods/Target Support Files/Pods-Tipsy Driver/Pods-Tipsy Driver.debug.xcconfig"; sourceTree = "<group>"; };
		2CF30EF74CF35EFC13501E37 /* Pods-Tipsy Driver.release.xcconfig */ = {isa = PBXFileReference; includeInIndex = 1; lastKnownFileType = text.xcconfig; name = "Pods-Tipsy Driver.release.xcconfig"; path = "Pods/Target Support Files/Pods-Tipsy Driver/Pods-Tipsy Driver.release.xcconfig"; sourceTree = "<group>"; };
		6A7F5678746B7A6C3B883E2A /* Pods_Tipsy_Driver.framework */ = {isa = PBXFileReference; explicitFileType = wrapper.framework; includeInIndex = 0; path = Pods_Tipsy_Driver.framework; sourceTree = BUILT_PRODUCTS_DIR; };
		D8371D5B1FC615AC00ADA7E1 /* CalendarColors.swift */ = {isa = PBXFileReference; lastKnownFileType = sourcecode.swift; path = CalendarColors.swift; sourceTree = "<group>"; };
		D881C7151FC52BB600018BD1 /* Tipsy Driver.app */ = {isa = PBXFileReference; explicitFileType = wrapper.application; includeInIndex = 0; path = "Tipsy Driver.app"; sourceTree = BUILT_PRODUCTS_DIR; };
		D881C7181FC52BB600018BD1 /* AppDelegate.swift */ = {isa = PBXFileReference; lastKnownFileType = sourcecode.swift; path = AppDelegate.swift; sourceTree = "<group>"; };
		D881C71A1FC52BB600018BD1 /* ViewController.swift */ = {isa = PBXFileReference; lastKnownFileType = sourcecode.swift; path = ViewController.swift; sourceTree = "<group>"; };
		D881C71D1FC52BB600018BD1 /* Base */ = {isa = PBXFileReference; lastKnownFileType = file.storyboard; name = Base; path = Base.lproj/Main.storyboard; sourceTree = "<group>"; };
		D881C7201FC52BB600018BD1 /* Tipsy_Driver.xcdatamodel */ = {isa = PBXFileReference; lastKnownFileType = wrapper.xcdatamodel; path = Tipsy_Driver.xcdatamodel; sourceTree = "<group>"; };
		D881C7221FC52BB600018BD1 /* Assets.xcassets */ = {isa = PBXFileReference; lastKnownFileType = folder.assetcatalog; path = Assets.xcassets; sourceTree = "<group>"; };
		D881C7251FC52BB600018BD1 /* Base */ = {isa = PBXFileReference; lastKnownFileType = file.storyboard; name = Base; path = Base.lproj/LaunchScreen.storyboard; sourceTree = "<group>"; };
		D881C7271FC52BB600018BD1 /* Info.plist */ = {isa = PBXFileReference; lastKnownFileType = text.plist.xml; path = Info.plist; sourceTree = "<group>"; };
		D881C7311FC5372000018BD1 /* CalendarCell.swift */ = {isa = PBXFileReference; lastKnownFileType = sourcecode.swift; path = CalendarCell.swift; sourceTree = "<group>"; };
/* End PBXFileReference section */

/* Begin PBXFrameworksBuildPhase section */
		D881C7121FC52BB600018BD1 /* Frameworks */ = {
			isa = PBXFrameworksBuildPhase;
			buildActionMask = 2147483647;
			files = (
				03F34BADC7DC54756F77FA30 /* Pods_Tipsy_Driver.framework in Frameworks */,
			);
			runOnlyForDeploymentPostprocessing = 0;
		};
/* End PBXFrameworksBuildPhase section */

/* Begin PBXGroup section */
		BE7B4D1C198B2B3A5BADC0B8 /* Frameworks */ = {
			isa = PBXGroup;
			children = (
				6A7F5678746B7A6C3B883E2A /* Pods_Tipsy_Driver.framework */,
			);
			name = Frameworks;
			sourceTree = "<group>";
		};
		D881C70C1FC52BB600018BD1 = {
			isa = PBXGroup;
			children = (
				D881C7171FC52BB600018BD1 /* Tipsy Driver */,
				D881C7161FC52BB600018BD1 /* Products */,
				E9AED1597BCCA9AD1BD47248 /* Pods */,
				BE7B4D1C198B2B3A5BADC0B8 /* Frameworks */,
			);
			sourceTree = "<group>";
		};
		D881C7161FC52BB600018BD1 /* Products */ = {
			isa = PBXGroup;
			children = (
				D881C7151FC52BB600018BD1 /* Tipsy Driver.app */,
			);
			name = Products;
			sourceTree = "<group>";
		};
		D881C7171FC52BB600018BD1 /* Tipsy Driver */ = {
			isa = PBXGroup;
			children = (
				D881C7181FC52BB600018BD1 /* AppDelegate.swift */,
				D881C71A1FC52BB600018BD1 /* ViewController.swift */,
				D881C71C1FC52BB600018BD1 /* Main.storyboard */,
				D881C7221FC52BB600018BD1 /* Assets.xcassets */,
				D881C7241FC52BB600018BD1 /* LaunchScreen.storyboard */,
				D881C7271FC52BB600018BD1 /* Info.plist */,
				D881C71F1FC52BB600018BD1 /* Tipsy_Driver.xcdatamodeld */,
				D881C7311FC5372000018BD1 /* CalendarCell.swift */,
				D8371D5B1FC615AC00ADA7E1 /* CalendarColors.swift */,
			);
			path = "Tipsy Driver";
			sourceTree = "<group>";
		};
		E9AED1597BCCA9AD1BD47248 /* Pods */ = {
			isa = PBXGroup;
			children = (
				19E377A8FC73E64439DD3799 /* Pods-Tipsy Driver.debug.xcconfig */,
				2CF30EF74CF35EFC13501E37 /* Pods-Tipsy Driver.release.xcconfig */,
			);
			name = Pods;
			sourceTree = "<group>";
		};
/* End PBXGroup section */

/* Begin PBXNativeTarget section */
		D881C7141FC52BB600018BD1 /* Tipsy Driver */ = {
			isa = PBXNativeTarget;
			buildConfigurationList = D881C72A1FC52BB600018BD1 /* Build configuration list for PBXNativeTarget "Tipsy Driver" */;
			buildPhases = (
				9C6E2EC4697067E9AC9018FD /* [CP] Check Pods Manifest.lock */,
				D881C7111FC52BB600018BD1 /* Sources */,
				D881C7121FC52BB600018BD1 /* Frameworks */,
				D881C7131FC52BB600018BD1 /* Resources */,
				D4DEF795B442D9E46486F84D /* [CP] Embed Pods Frameworks */,
				529F3AFEAC0FEAB3927CF477 /* [CP] Copy Pods Resources */,
			);
			buildRules = (
			);
			dependencies = (
			);
			name = "Tipsy Driver";
			productName = "Tipsy Driver";
			productReference = D881C7151FC52BB600018BD1 /* Tipsy Driver.app */;
			productType = "com.apple.product-type.application";
		};
/* End PBXNativeTarget section */

/* Begin PBXProject section */
		D881C70D1FC52BB600018BD1 /* Project object */ = {
			isa = PBXProject;
			attributes = {
				LastSwiftUpdateCheck = 0910;
				LastUpgradeCheck = 0910;
				ORGANIZATIONNAME = "Nathan Standage";
				TargetAttributes = {
					D881C7141FC52BB600018BD1 = {
						CreatedOnToolsVersion = 9.1;
						ProvisioningStyle = Automatic;
					};
				};
			};
			buildConfigurationList = D881C7101FC52BB600018BD1 /* Build configuration list for PBXProject "Tipsy Driver" */;
			compatibilityVersion = "Xcode 8.0";
			developmentRegion = en;
			hasScannedForEncodings = 0;
			knownRegions = (
				en,
				Base,
			);
			mainGroup = D881C70C1FC52BB600018BD1;
			productRefGroup = D881C7161FC52BB600018BD1 /* Products */;
			projectDirPath = "";
			projectRoot = "";
			targets = (
				D881C7141FC52BB600018BD1 /* Tipsy Driver */,
			);
		};
/* End PBXProject section */

/* Begin PBXResourcesBuildPhase section */
		D881C7131FC52BB600018BD1 /* Resources */ = {
			isa = PBXResourcesBuildPhase;
			buildActionMask = 2147483647;
			files = (
				D881C7261FC52BB600018BD1 /* LaunchScreen.storyboard in Resources */,
				D881C7231FC52BB600018BD1 /* Assets.xcassets in Resources */,
				D881C71E1FC52BB600018BD1 /* Main.storyboard in Resources */,
			);
			runOnlyForDeploymentPostprocessing = 0;
		};
/* End PBXResourcesBuildPhase section */

/* Begin PBXShellScriptBuildPhase section */
		529F3AFEAC0FEAB3927CF477 /* [CP] Copy Pods Resources */ = {
			isa = PBXShellScriptBuildPhase;
			buildActionMask = 2147483647;
			files = (
			);
			inputPaths = (
			);
			name = "[CP] Copy Pods Resources";
			outputPaths = (
			);
			runOnlyForDeploymentPostprocessing = 0;
			shellPath = /bin/sh;
			shellScript = "\"${SRCROOT}/Pods/Target Support Files/Pods-Tipsy Driver/Pods-Tipsy Driver-resources.sh\"\n";
			showEnvVarsInLog = 0;
		};
		9C6E2EC4697067E9AC9018FD /* [CP] Check Pods Manifest.lock */ = {
			isa = PBXShellScriptBuildPhase;
			buildActionMask = 2147483647;
			files = (
			);
			inputPaths = (
				"${PODS_PODFILE_DIR_PATH}/Podfile.lock",
				"${PODS_ROOT}/Manifest.lock",
			);
			name = "[CP] Check Pods Manifest.lock";
			outputPaths = (
				"$(DERIVED_FILE_DIR)/Pods-Tipsy Driver-checkManifestLockResult.txt",
			);
			runOnlyForDeploymentPostprocessing = 0;
			shellPath = /bin/sh;
			shellScript = "diff \"${PODS_PODFILE_DIR_PATH}/Podfile.lock\" \"${PODS_ROOT}/Manifest.lock\" > /dev/null\nif [ $? != 0 ] ; then\n    # print error to STDERR\n    echo \"error: The sandbox is not in sync with the Podfile.lock. Run 'pod install' or update your CocoaPods installation.\" >&2\n    exit 1\nfi\n# This output is used by Xcode 'outputs' to avoid re-running this script phase.\necho \"SUCCESS\" > \"${SCRIPT_OUTPUT_FILE_0}\"\n";
			showEnvVarsInLog = 0;
		};
		D4DEF795B442D9E46486F84D /* [CP] Embed Pods Frameworks */ = {
			isa = PBXShellScriptBuildPhase;
			buildActionMask = 2147483647;
			files = (
			);
			inputPaths = (
				"${SRCROOT}/Pods/Target Support Files/Pods-Tipsy Driver/Pods-Tipsy Driver-frameworks.sh",
				"${BUILT_PRODUCTS_DIR}/JTAppleCalendar/JTAppleCalendar.framework",
			);
			name = "[CP] Embed Pods Frameworks";
			outputPaths = (
				"${TARGET_BUILD_DIR}/${FRAMEWORKS_FOLDER_PATH}/JTAppleCalendar.framework",
			);
			runOnlyForDeploymentPostprocessing = 0;
			shellPath = /bin/sh;
			shellScript = "\"${SRCROOT}/Pods/Target Support Files/Pods-Tipsy Driver/Pods-Tipsy Driver-frameworks.sh\"\n";
			showEnvVarsInLog = 0;
		};
/* End PBXShellScriptBuildPhase section */

/* Begin PBXSourcesBuildPhase section */
		D881C7111FC52BB600018BD1 /* Sources */ = {
			isa = PBXSourcesBuildPhase;
			buildActionMask = 2147483647;
			files = (
				D881C7211FC52BB600018BD1 /* Tipsy_Driver.xcdatamodeld in Sources */,
				D881C71B1FC52BB600018BD1 /* ViewController.swift in Sources */,
				D881C7191FC52BB600018BD1 /* AppDelegate.swift in Sources */,
				D881C7321FC5372000018BD1 /* CalendarCell.swift in Sources */,
				D8371D5C1FC615AC00ADA7E1 /* CalendarColors.swift in Sources */,
			);
			runOnlyForDeploymentPostprocessing = 0;
		};
/* End PBXSourcesBuildPhase section */

/* Begin PBXVariantGroup section */
		D881C71C1FC52BB600018BD1 /* Main.storyboard */ = {
			isa = PBXVariantGroup;
			children = (
				D881C71D1FC52BB600018BD1 /* Base */,
			);
			name = Main.storyboard;
			sourceTree = "<group>";
		};
		D881C7241FC52BB600018BD1 /* LaunchScreen.storyboard */ = {
			isa = PBXVariantGroup;
			children = (
				D881C7251FC52BB600018BD1 /* Base */,
			);
			name = LaunchScreen.storyboard;
			sourceTree = "<group>";
		};
/* End PBXVariantGroup section */

/* Begin XCBuildConfiguration section */
		D881C7281FC52BB600018BD1 /* Debug */ = {
			isa = XCBuildConfiguration;
			buildSettings = {
				ALWAYS_SEARCH_USER_PATHS = NO;
				CLANG_ANALYZER_NONNULL = YES;
				CLANG_ANALYZER_NUMBER_OBJECT_CONVERSION = YES_AGGRESSIVE;
				CLANG_CXX_LANGUAGE_STANDARD = "gnu++14";
				CLANG_CXX_LIBRARY = "libc++";
				CLANG_ENABLE_MODULES = YES;
				CLANG_ENABLE_OBJC_ARC = YES;
				CLANG_WARN_BLOCK_CAPTURE_AUTORELEASING = YES;
				CLANG_WARN_BOOL_CONVERSION = YES;
				CLANG_WARN_COMMA = YES;
				CLANG_WARN_CONSTANT_CONVERSION = YES;
				CLANG_WARN_DIRECT_OBJC_ISA_USAGE = YES_ERROR;
				CLANG_WARN_DOCUMENTATION_COMMENTS = YES;
				CLANG_WARN_EMPTY_BODY = YES;
				CLANG_WARN_ENUM_CONVERSION = YES;
				CLANG_WARN_INFINITE_RECURSION = YES;
				CLANG_WARN_INT_CONVERSION = YES;
				CLANG_WARN_NON_LITERAL_NULL_CONVERSION = YES;
				CLANG_WARN_OBJC_LITERAL_CONVERSION = YES;
				CLANG_WARN_OBJC_ROOT_CLASS = YES_ERROR;
				CLANG_WARN_RANGE_LOOP_ANALYSIS = YES;
				CLANG_WARN_STRICT_PROTOTYPES = YES;
				CLANG_WARN_SUSPICIOUS_MOVE = YES;
				CLANG_WARN_UNGUARDED_AVAILABILITY = YES_AGGRESSIVE;
				CLANG_WARN_UNREACHABLE_CODE = YES;
				CLANG_WARN__DUPLICATE_METHOD_MATCH = YES;
				CODE_SIGN_IDENTITY = "iPhone Developer";
				COPY_PHASE_STRIP = NO;
				DEBUG_INFORMATION_FORMAT = dwarf;
				ENABLE_STRICT_OBJC_MSGSEND = YES;
				ENABLE_TESTABILITY = YES;
				GCC_C_LANGUAGE_STANDARD = gnu11;
				GCC_DYNAMIC_NO_PIC = NO;
				GCC_NO_COMMON_BLOCKS = YES;
				GCC_OPTIMIZATION_LEVEL = 0;
				GCC_PREPROCESSOR_DEFINITIONS = (
					"DEBUG=1",
					"$(inherited)",
				);
				GCC_WARN_64_TO_32_BIT_CONVERSION = YES;
				GCC_WARN_ABOUT_RETURN_TYPE = YES_ERROR;
				GCC_WARN_UNDECLARED_SELECTOR = YES;
				GCC_WARN_UNINITIALIZED_AUTOS = YES_AGGRESSIVE;
				GCC_WARN_UNUSED_FUNCTION = YES;
				GCC_WARN_UNUSED_VARIABLE = YES;
				IPHONEOS_DEPLOYMENT_TARGET = 11.1;
				MTL_ENABLE_DEBUG_INFO = YES;
				ONLY_ACTIVE_ARCH = YES;
				SDKROOT = iphoneos;
				SWIFT_ACTIVE_COMPILATION_CONDITIONS = DEBUG;
				SWIFT_OPTIMIZATION_LEVEL = "-Onone";
			};
			name = Debug;
		};
		D881C7291FC52BB600018BD1 /* Release */ = {
			isa = XCBuildConfiguration;
			buildSettings = {
				ALWAYS_SEARCH_USER_PATHS = NO;
				CLANG_ANALYZER_NONNULL = YES;
				CLANG_ANALYZER_NUMBER_OBJECT_CONVERSION = YES_AGGRESSIVE;
				CLANG_CXX_LANGUAGE_STANDARD = "gnu++14";
				CLANG_CXX_LIBRARY = "libc++";
				CLANG_ENABLE_MODULES = YES;
				CLANG_ENABLE_OBJC_ARC = YES;
				CLANG_WARN_BLOCK_CAPTURE_AUTORELEASING = YES;
				CLANG_WARN_BOOL_CONVERSION = YES;
				CLANG_WARN_COMMA = YES;
				CLANG_WARN_CONSTANT_CONVERSION = YES;
				CLANG_WARN_DIRECT_OBJC_ISA_USAGE = YES_ERROR;
				CLANG_WARN_DOCUMENTATION_COMMENTS = YES;
				CLANG_WARN_EMPTY_BODY = YES;
				CLANG_WARN_ENUM_CONVERSION = YES;
				CLANG_WARN_INFINITE_RECURSION = YES;
				CLANG_WARN_INT_CONVERSION = YES;
				CLANG_WARN_NON_LITERAL_NULL_CONVERSION = YES;
				CLANG_WARN_OBJC_LITERAL_CONVERSION = YES;
				CLANG_WARN_OBJC_ROOT_CLASS = YES_ERROR;
				CLANG_WARN_RANGE_LOOP_ANALYSIS = YES;
				CLANG_WARN_STRICT_PROTOTYPES = YES;
				CLANG_WARN_SUSPICIOUS_MOVE = YES;
				CLANG_WARN_UNGUARDED_AVAILABILITY = YES_AGGRESSIVE;
				CLANG_WARN_UNREACHABLE_CODE = YES;
				CLANG_WARN__DUPLICATE_METHOD_MATCH = YES;
				CODE_SIGN_IDENTITY = "iPhone Developer";
				COPY_PHASE_STRIP = NO;
				DEBUG_INFORMATION_FORMAT = "dwarf-with-dsym";
				ENABLE_NS_ASSERTIONS = NO;
				ENABLE_STRICT_OBJC_MSGSEND = YES;
				GCC_C_LANGUAGE_STANDARD = gnu11;
				GCC_NO_COMMON_BLOCKS = YES;
				GCC_WARN_64_TO_32_BIT_CONVERSION = YES;
				GCC_WARN_ABOUT_RETURN_TYPE = YES_ERROR;
				GCC_WARN_UNDECLARED_SELECTOR = YES;
				GCC_WARN_UNINITIALIZED_AUTOS = YES_AGGRESSIVE;
				GCC_WARN_UNUSED_FUNCTION = YES;
				GCC_WARN_UNUSED_VARIABLE = YES;
				IPHONEOS_DEPLOYMENT_TARGET = 11.1;
				MTL_ENABLE_DEBUG_INFO = NO;
				SDKROOT = iphoneos;
				SWIFT_OPTIMIZATION_LEVEL = "-Owholemodule";
				VALIDATE_PRODUCT = YES;
			};
			name = Release;
		};
		D881C72B1FC52BB600018BD1 /* Debug */ = {
			isa = XCBuildConfiguration;
			baseConfigurationReference = 19E377A8FC73E64439DD3799 /* Pods-Tipsy Driver.debug.xcconfig */;
			buildSettings = {
				ASSETCATALOG_COMPILER_APPICON_NAME = AppIcon;
				CODE_SIGN_STYLE = Automatic;
				DEVELOPMENT_TEAM = 4YF3X5R4SE;
				INFOPLIST_FILE = "Tipsy Driver/Info.plist";
				LD_RUNPATH_SEARCH_PATHS = "$(inherited) @executable_path/Frameworks";
				PRODUCT_BUNDLE_IDENTIFIER = "com.nathanstandage.Tipsy-Driver";
				PRODUCT_NAME = "$(TARGET_NAME)";
				SWIFT_VERSION = 4.0;
				TARGETED_DEVICE_FAMILY = "1,2";
			};
			name = Debug;
		};
		D881C72C1FC52BB600018BD1 /* Release */ = {
			isa = XCBuildConfiguration;
			baseConfigurationReference = 2CF30EF74CF35EFC13501E37 /* Pods-Tipsy Driver.release.xcconfig */;
			buildSettings = {
				ASSETCATALOG_COMPILER_APPICON_NAME = AppIcon;
				CODE_SIGN_STYLE = Automatic;
				DEVELOPMENT_TEAM = 4YF3X5R4SE;
				INFOPLIST_FILE = "Tipsy Driver/Info.plist";
				LD_RUNPATH_SEARCH_PATHS = "$(inherited) @executable_path/Frameworks";
				PRODUCT_BUNDLE_IDENTIFIER = "com.nathanstandage.Tipsy-Driver";
				PRODUCT_NAME = "$(TARGET_NAME)";
				SWIFT_VERSION = 4.0;
				TARGETED_DEVICE_FAMILY = "1,2";
			};
			name = Release;
		};
/* End XCBuildConfiguration section */

/* Begin XCConfigurationList section */
		D881C7101FC52BB600018BD1 /* Build configuration list for PBXProject "Tipsy Driver" */ = {
			isa = XCConfigurationList;
			buildConfigurations = (
				D881C7281FC52BB600018BD1 /* Debug */,
				D881C7291FC52BB600018BD1 /* Release */,
			);
			defaultConfigurationIsVisible = 0;
			defaultConfigurationName = Release;
		};
		D881C72A1FC52BB600018BD1 /* Build configuration list for PBXNativeTarget "Tipsy Driver" */ = {
			isa = XCConfigurationList;
			buildConfigurations = (
				D881C72B1FC52BB600018BD1 /* Debug */,
				D881C72C1FC52BB600018BD1 /* Release */,
			);
			defaultConfigurationIsVisible = 0;
			defaultConfigurationName = Release;
		};
/* End XCConfigurationList section */

/* Begin XCVersionGroup section */
		D881C71F1FC52BB600018BD1 /* Tipsy_Driver.xcdatamodeld */ = {
			isa = XCVersionGroup;
			children = (
				D881C7201FC52BB600018BD1 /* Tipsy_Driver.xcdatamodel */,
			);
			currentVersion = D881C7201FC52BB600018BD1 /* Tipsy_Driver.xcdatamodel */;
			path = Tipsy_Driver.xcdatamodeld;
			sourceTree = "<group>";
			versionGroupType = wrapper.xcdatamodel;
		};
/* End XCVersionGroup section */
	};
	rootObject = D881C70D1FC52BB600018BD1 /* Project object */;
}
